// !$*UTF8*$!
{
	archiveVersion = 1;
	classes = {
	};
	objectVersion = 46;
	objects = {

/* Begin PBXBuildFile section */
		97E2CE3B19C0EE8600576282 /* AppDelegate.swift in Sources */ = {isa = PBXBuildFile; fileRef = 97E2CE3A19C0EE8600576282 /* AppDelegate.swift */; };
		97E2CE3D19C0EE8600576282 /* ViewController.swift in Sources */ = {isa = PBXBuildFile; fileRef = 97E2CE3C19C0EE8600576282 /* ViewController.swift */; };
		97E2CE4019C0EE8600576282 /* Main.storyboard in Resources */ = {isa = PBXBuildFile; fileRef = 97E2CE3E19C0EE8600576282 /* Main.storyboard */; };
		97E2CE4219C0EE8600576282 /* Images.xcassets in Resources */ = {isa = PBXBuildFile; fileRef = 97E2CE4119C0EE8600576282 /* Images.xcassets */; };
		97E2CE4519C0EE8600576282 /* LaunchScreen.xib in Resources */ = {isa = PBXBuildFile; fileRef = 97E2CE4319C0EE8600576282 /* LaunchScreen.xib */; };
		97E2CE5119C0EE8600576282 /* Assignment4Tests.swift in Sources */ = {isa = PBXBuildFile; fileRef = 97E2CE5019C0EE8600576282 /* Assignment4Tests.swift */; };
/* End PBXBuildFile section */

/* Begin PBXContainerItemProxy section */
		97E2CE4B19C0EE8600576282 /* PBXContainerItemProxy */ = {
			isa = PBXContainerItemProxy;
			containerPortal = 97E2CE2D19C0EE8600576282 /* Project object */;
			proxyType = 1;
			remoteGlobalIDString = 97E2CE3419C0EE8600576282;
			remoteInfo = Assignment4;
		};
/* End PBXContainerItemProxy section */

/* Begin PBXFileReference section */
		97E2CE3519C0EE8600576282 /* Assignment4.app */ = {isa = PBXFileReference; explicitFileType = wrapper.application; includeInIndex = 0; path = Assignment4.app; sourceTree = BUILT_PRODUCTS_DIR; };
		97E2CE3919C0EE8600576282 /* Info.plist */ = {isa = PBXFileReference; lastKnownFileType = text.plist.xml; path = Info.plist; sourceTree = "<group>"; };
		97E2CE3A19C0EE8600576282 /* AppDelegate.swift */ = {isa = PBXFileReference; lastKnownFileType = sourcecode.swift; path = AppDelegate.swift; sourceTree = "<group>"; };
		97E2CE3C19C0EE8600576282 /* ViewController.swift */ = {isa = PBXFileReference; lastKnownFileType = sourcecode.swift; path = ViewController.swift; sourceTree = "<group>"; };
		97E2CE3F19C0EE8600576282 /* Base */ = {isa = PBXFileReference; lastKnownFileType = file.storyboard; name = Base; path = Base.lproj/Main.storyboard; sourceTree = "<group>"; };
		97E2CE4119C0EE8600576282 /* Images.xcassets */ = {isa = PBXFileReference; lastKnownFileType = folder.assetcatalog; path = Images.xcassets; sourceTree = "<group>"; };
		97E2CE4419C0EE8600576282 /* Base */ = {isa = PBXFileReference; lastKnownFileType = file.xib; name = Base; path = Base.lproj/LaunchScreen.xib; sourceTree = "<group>"; };
		97E2CE4A19C0EE8600576282 /* Assignment4Tests.xctest */ = {isa = PBXFileReference; explicitFileType = wrapper.cfbundle; includeInIndex = 0; path = Assignment4Tests.xctest; sourceTree = BUILT_PRODUCTS_DIR; };
		97E2CE4F19C0EE8600576282 /* Info.plist */ = {isa = PBXFileReference; lastKnownFileType = text.plist.xml; path = Info.plist; sourceTree = "<group>"; };
		97E2CE5019C0EE8600576282 /* Assignment4Tests.swift */ = {isa = PBXFileReference; lastKnownFileType = sourcecode.swift; path = Assignment4Tests.swift; sourceTree = "<group>"; };
/* End PBXFileReference section */

/* Begin PBXFrameworksBuildPhase section */
		97E2CE3219C0EE8600576282 /* Frameworks */ = {
			isa = PBXFrameworksBuildPhase;
			buildActionMask = 2147483647;
			files = (
			);
			runOnlyForDeploymentPostprocessing = 0;
		};
		97E2CE4719C0EE8600576282 /* Frameworks */ = {
			isa = PBXFrameworksBuildPhase;
			buildActionMask = 2147483647;
			files = (
			);
			runOnlyForDeploymentPostprocessing = 0;
		};
/* End PBXFrameworksBuildPhase section */

/* Begin PBXGroup section */
		97E2CE2C19C0EE8600576282 = {
			isa = PBXGroup;
			children = (
				97E2CE3719C0EE8600576282 /* Assignment4 */,
				97E2CE4D19C0EE8600576282 /* Assignment4Tests */,
				97E2CE3619C0EE8600576282 /* Products */,
			);
			sourceTree = "<group>";
		};
		97E2CE3619C0EE8600576282 /* Products */ = {
			isa = PBXGroup;
			children = (
				97E2CE3519C0EE8600576282 /* Assignment4.app */,
				97E2CE4A19C0EE8600576282 /* Assignment4Tests.xctest */,
			);
			name = Products;
			sourceTree = "<group>";
		};
		97E2CE3719C0EE8600576282 /* Assignment4 */ = {
			isa = PBXGroup;
			children = (
				97E2CE3A19C0EE8600576282 /* AppDelegate.swift */,
				97E2CE3C19C0EE8600576282 /* ViewController.swift */,
				97E2CE3E19C0EE8600576282 /* Main.storyboard */,
				97E2CE4119C0EE8600576282 /* Images.xcassets */,
				97E2CE4319C0EE8600576282 /* LaunchScreen.xib */,
				97E2CE3819C0EE8600576282 /* Supporting Files */,
			);
			path = Assignment4;
			sourceTree = "<group>";
		};
		97E2CE3819C0EE8600576282 /* Supporting Files */ = {
			isa = PBXGroup;
			children = (
				97E2CE3919C0EE8600576282 /* Info.plist */,
			);
			name = "Supporting Files";
			sourceTree = "<group>";
		};
		97E2CE4D19C0EE8600576282 /* Assignment4Tests */ = {
			isa = PBXGroup;
			children = (
				97E2CE5019C0EE8600576282 /* Assignment4Tests.swift */,
				97E2CE4E19C0EE8600576282 /* Supporting Files */,
			);
			path = Assignment4Tests;
			sourceTree = "<group>";
		};
		97E2CE4E19C0EE8600576282 /* Supporting Files */ = {
			isa = PBXGroup;
			children = (
				97E2CE4F19C0EE8600576282 /* Info.plist */,
			);
			name = "Supporting Files";
			sourceTree = "<group>";
		};
/* End PBXGroup section */

/* Begin PBXNativeTarget section */
		97E2CE3419C0EE8600576282 /* Assignment4 */ = {
			isa = PBXNativeTarget;
			buildConfigurationList = 97E2CE5419C0EE8600576282 /* Build configuration list for PBXNativeTarget "Assignment4" */;
			buildPhases = (
				97E2CE3119C0EE8600576282 /* Sources */,
				97E2CE3219C0EE8600576282 /* Frameworks */,
				97E2CE3319C0EE8600576282 /* Resources */,
			);
			buildRules = (
			);
			dependencies = (
			);
			name = Assignment4;
			productName = Assignment4;
			productReference = 97E2CE3519C0EE8600576282 /* Assignment4.app */;
			productType = "com.apple.product-type.application";
		};
		97E2CE4919C0EE8600576282 /* Assignment4Tests */ = {
			isa = PBXNativeTarget;
			buildConfigurationList = 97E2CE5719C0EE8600576282 /* Build configuration list for PBXNativeTarget "Assignment4Tests" */;
			buildPhases = (
				97E2CE4619C0EE8600576282 /* Sources */,
				97E2CE4719C0EE8600576282 /* Frameworks */,
				97E2CE4819C0EE8600576282 /* Resources */,
			);
			buildRules = (
			);
			dependencies = (
				97E2CE4C19C0EE8600576282 /* PBXTargetDependency */,
			);
			name = Assignment4Tests;
			productName = Assignment4Tests;
			productReference = 97E2CE4A19C0EE8600576282 /* Assignment4Tests.xctest */;
			productType = "com.apple.product-type.bundle.unit-test";
		};
/* End PBXNativeTarget section */

/* Begin PBXProject section */
		97E2CE2D19C0EE8600576282 /* Project object */ = {
			isa = PBXProject;
			attributes = {
				LastUpgradeCheck = 0600;
				ORGANIZATIONNAME = "Humboldt Technology Group, LLC";
				TargetAttributes = {
					97E2CE3419C0EE8600576282 = {
						CreatedOnToolsVersion = 6.0;
					};
					97E2CE4919C0EE8600576282 = {
						CreatedOnToolsVersion = 6.0;
						TestTargetID = 97E2CE3419C0EE8600576282;
					};
				};
			};
			buildConfigurationList = 97E2CE3019C0EE8600576282 /* Build configuration list for PBXProject "Assignment4" */;
			compatibilityVersion = "Xcode 3.2";
			developmentRegion = English;
			hasScannedForEncodings = 0;
			knownRegions = (
				en,
				Base,
			);
			mainGroup = 97E2CE2C19C0EE8600576282;
			productRefGroup = 97E2CE3619C0EE8600576282 /* Products */;
			projectDirPath = "";
			projectRoot = "";
			targets = (
				97E2CE3419C0EE8600576282 /* Assignment4 */,
				97E2CE4919C0EE8600576282 /* Assignment4Tests */,
			);
		};
/* End PBXProject section */

/* Begin PBXResourcesBuildPhase section */
		97E2CE3319C0EE8600576282 /* Resources */ = {
			isa = PBXResourcesBuildPhase;
			buildActionMask = 2147483647;
			files = (
				97E2CE4019C0EE8600576282 /* Main.storyboard in Resources */,
				97E2CE4519C0EE8600576282 /* LaunchScreen.xib in Resources */,
				97E2CE4219C0EE8600576282 /* Images.xcassets in Resources */,
			);
			runOnlyForDeploymentPostprocessing = 0;
		};
		97E2CE4819C0EE8600576282 /* Resources */ = {
			isa = PBXResourcesBuildPhase;
			buildActionMask = 2147483647;
			files = (
			);
			runOnlyForDeploymentPostprocessing = 0;
		};
/* End PBXResourcesBuildPhase section */

/* Begin PBXSourcesBuildPhase section */
		97E2CE3119C0EE8600576282 /* Sources */ = {
			isa = PBXSourcesBuildPhase;
			buildActionMask = 2147483647;
			files = (
				97E2CE3D19C0EE8600576282 /* ViewController.swift in Sources */,
				97E2CE3B19C0EE8600576282 /* AppDelegate.swift in Sources */,
			);
			runOnlyForDeploymentPostprocessing = 0;
		};
		97E2CE4619C0EE8600576282 /* Sources */ = {
			isa = PBXSourcesBuildPhase;
			buildActionMask = 2147483647;
			files = (
				97E2CE5119C0EE8600576282 /* Assignment4Tests.swift in Sources */,
			);
			runOnlyForDeploymentPostprocessing = 0;
		};
/* End PBXSourcesBuildPhase section */

/* Begin PBXTargetDependency section */
		97E2CE4C19C0EE8600576282 /* PBXTargetDependency */ = {
			isa = PBXTargetDependency;
			target = 97E2CE3419C0EE8600576282 /* Assignment4 */;
			targetProxy = 97E2CE4B19C0EE8600576282 /* PBXContainerItemProxy */;
		};
/* End PBXTargetDependency section */

/* Begin PBXVariantGroup section */
		97E2CE3E19C0EE8600576282 /* Main.storyboard */ = {
			isa = PBXVariantGroup;
			children = (
				97E2CE3F19C0EE8600576282 /* Base */,
			);
			name = Main.storyboard;
			sourceTree = "<group>";
		};
		97E2CE4319C0EE8600576282 /* LaunchScreen.xib */ = {
			isa = PBXVariantGroup;
			children = (
				97E2CE4419C0EE8600576282 /* Base */,
			);
			name = LaunchScreen.xib;
			sourceTree = "<group>";
		};
/* End PBXVariantGroup section */

/* Begin XCBuildConfiguration section */
		97E2CE5219C0EE8600576282 /* Debug */ = {
			isa = XCBuildConfiguration;
			buildSettings = {
				ALWAYS_SEARCH_USER_PATHS = NO;
				CLANG_CXX_LANGUAGE_STANDARD = "gnu++0x";
				CLANG_CXX_LIBRARY = "libc++";
				CLANG_ENABLE_MODULES = YES;
				CLANG_ENABLE_OBJC_ARC = YES;
				CLANG_WARN_BOOL_CONVERSION = YES;
				CLANG_WARN_CONSTANT_CONVERSION = YES;
				CLANG_WARN_DIRECT_OBJC_ISA_USAGE = YES_ERROR;
				CLANG_WARN_EMPTY_BODY = YES;
				CLANG_WARN_ENUM_CONVERSION = YES;
				CLANG_WARN_INT_CONVERSION = YES;
				CLANG_WARN_OBJC_ROOT_CLASS = YES_ERROR;
				CLANG_WARN_UNREACHABLE_CODE = YES;
				CLANG_WARN__DUPLICATE_METHOD_MATCH = YES;
				"CODE_SIGN_IDENTITY[sdk=iphoneos*]" = "iPhone Developer";
				COPY_PHASE_STRIP = NO;
				ENABLE_STRICT_OBJC_MSGSEND = YES;
				GCC_C_LANGUAGE_STANDARD = gnu99;
				GCC_DYNAMIC_NO_PIC = NO;
				GCC_OPTIMIZATION_LEVEL = 0;
				GCC_PREPROCESSOR_DEFINITIONS = (
					"DEBUG=1",
					"$(inherited)",
				);
				GCC_SYMBOLS_PRIVATE_EXTERN = NO;
				GCC_WARN_64_TO_32_BIT_CONVERSION = YES;
				GCC_WARN_ABOUT_RETURN_TYPE = YES_ERROR;
				GCC_WARN_UNDECLARED_SELECTOR = YES;
				GCC_WARN_UNINITIALIZED_AUTOS = YES_AGGRESSIVE;
				GCC_WARN_UNUSED_FUNCTION = YES;
				GCC_WARN_UNUSED_VARIABLE = YES;
				IPHONEOS_DEPLOYMENT_TARGET = 8.0;
				MTL_ENABLE_DEBUG_INFO = YES;
				ONLY_ACTIVE_ARCH = YES;
				SDKROOT = iphoneos;
				SWIFT_OPTIMIZATION_LEVEL = "-Onone";
			};
			name = Debug;
		};
		97E2CE5319C0EE8600576282 /* Release */ = {
			isa = XCBuildConfiguration;
			buildSettings = {
				ALWAYS_SEARCH_USER_PATHS = NO;
				CLANG_CXX_LANGUAGE_STANDARD = "gnu++0x";
				CLANG_CXX_LIBRARY = "libc++";
				CLANG_ENABLE_MODULES = YES;
				CLANG_ENABLE_OBJC_ARC = YES;
				CLANG_WARN_BOOL_CONVERSION = YES;
				CLANG_WARN_CONSTANT_CONVERSION = YES;
				CLANG_WARN_DIRECT_OBJC_ISA_USAGE = YES_ERROR;
				CLANG_WARN_EMPTY_BODY = YES;
				CLANG_WARN_ENUM_CONVERSION = YES;
				CLANG_WARN_INT_CONVERSION = YES;
				CLANG_WARN_OBJC_ROOT_CLASS = YES_ERROR;
				CLANG_WARN_UNREACHABLE_CODE = YES;
				CLANG_WARN__DUPLICATE_METHOD_MATCH = YES;
				"CODE_SIGN_IDENTITY[sdk=iphoneos*]" = "iPhone Developer";
				COPY_PHASE_STRIP = YES;
				ENABLE_NS_ASSERTIONS = NO;
				ENABLE_STRICT_OBJC_MSGSEND = YES;
				GCC_C_LANGUAGE_STANDARD = gnu99;
				GCC_WARN_64_TO_32_BIT_CONVERSION = YES;
				GCC_WARN_ABOUT_RETURN_TYPE = YES_ERROR;
				GCC_WARN_UNDECLARED_SELECTOR = YES;
				GCC_WARN_UNINITIALIZED_AUTOS = YES_AGGRESSIVE;
				GCC_WARN_UNUSED_FUNCTION = YES;
				GCC_WARN_UNUSED_VARIABLE = YES;
				IPHONEOS_DEPLOYMENT_TARGET = 8.0;
				MTL_ENABLE_DEBUG_INFO = NO;
				SDKROOT = iphoneos;
				VALIDATE_PRODUCT = YES;
			};
			name = Release;
		};
		97E2CE5519C0EE8600576282 /* Debug */ = {
			isa = XCBuildConfiguration;
			buildSettings = {
				ASSETCATALOG_COMPILER_APPICON_NAME = AppIcon;
				INFOPLIST_FILE = Assignment4/Info.plist;
				LD_RUNPATH_SEARCH_PATHS = "$(inherited) @executable_path/Frameworks";
				PRODUCT_NAME = "$(TARGET_NAME)";
			};
			name = Debug;
		};
		97E2CE5619C0EE8600576282 /* Release */ = {
			isa = XCBuildConfiguration;
			buildSettings = {
				ASSETCATALOG_COMPILER_APPICON_NAME = AppIcon;
				INFOPLIST_FILE = Assignment4/Info.plist;
				LD_RUNPATH_SEARCH_PATHS = "$(inherited) @executable_path/Frameworks";
				PRODUCT_NAME = "$(TARGET_NAME)";
			};
			name = Release;
		};
		97E2CE5819C0EE8600576282 /* Debug */ = {
			isa = XCBuildConfiguration;
			buildSettings = {
				BUNDLE_LOADER = "$(TEST_HOST)";
				FRAMEWORK_SEARCH_PATHS = (
					"$(SDKROOT)/Developer/Library/Frameworks",
					"$(inherited)",
				);
				GCC_PREPROCESSOR_DEFINITIONS = (
					"DEBUG=1",
					"$(inherited)",
				);
				INFOPLIST_FILE = Assignment4Tests/Info.plist;
				LD_RUNPATH_SEARCH_PATHS = "$(inherited) @executable_path/Frameworks @loader_path/Frameworks";
				PRODUCT_NAME = "$(TARGET_NAME)";
				TEST_HOST = "$(BUILT_PRODUCTS_DIR)/Assignment4.app/Assignment4";
			};
			name = Debug;
		};
		97E2CE5919C0EE8600576282 /* Release */ = {
			isa = XCBuildConfiguration;
			buildSettings = {
				BUNDLE_LOADER = "$(TEST_HOST)";
				FRAMEWORK_SEARCH_PATHS = (
					"$(SDKROOT)/Developer/Library/Frameworks",
					"$(inherited)",
				);
				INFOPLIST_FILE = Assignment4Tests/Info.plist;
				LD_RUNPATH_SEARCH_PATHS = "$(inherited) @executable_path/Frameworks @loader_path/Frameworks";
				PRODUCT_NAME = "$(TARGET_NAME)";
				TEST_HOST = "$(BUILT_PRODUCTS_DIR)/Assignment4.app/Assignment4";
			};
			name = Release;
		};
/* End XCBuildConfiguration section */

/* Begin XCConfigurationList section */
		97E2CE3019C0EE8600576282 /* Build configuration list for PBXProject "Assignment4" */ = {
			isa = XCConfigurationList;
			buildConfigurations = (
				97E2CE5219C0EE8600576282 /* Debug */,
				97E2CE5319C0EE8600576282 /* Release */,
			);
			defaultConfigurationIsVisible = 0;
			defaultConfigurationName = Release;
		};
		97E2CE5419C0EE8600576282 /* Build configuration list for PBXNativeTarget "Assignment4" */ = {
			isa = XCConfigurationList;
			buildConfigurations = (
				97E2CE5519C0EE8600576282 /* Debug */,
				97E2CE5619C0EE8600576282 /* Release */,
			);
			defaultConfigurationIsVisible = 0;
		};
		97E2CE5719C0EE8600576282 /* Build configuration list for PBXNativeTarget "Assignment4Tests" */ = {
			isa = XCConfigurationList;
			buildConfigurations = (
				97E2CE5819C0EE8600576282 /* Debug */,
				97E2CE5919C0EE8600576282 /* Release */,
			);
			defaultConfigurationIsVisible = 0;
		};
/* End XCConfigurationList section */
	};
	rootObject = 97E2CE2D19C0EE8600576282 /* Project object */;
}
