// !$*UTF8*$!
{
	archiveVersion = 1;
	classes = {
	};
	objectVersion = 46;
	objects = {

/* Begin PBXBuildFile section */
		97E2CDAD19C0D19300576282 /* AppDelegate.swift in Sources */ = {isa = PBXBuildFile; fileRef = 97E2CDAC19C0D19300576282 /* AppDelegate.swift */; };
		97E2CDAF19C0D19300576282 /* ViewController.swift in Sources */ = {isa = PBXBuildFile; fileRef = 97E2CDAE19C0D19300576282 /* ViewController.swift */; };
		97E2CDB219C0D19300576282 /* Main.storyboard in Resources */ = {isa = PBXBuildFile; fileRef = 97E2CDB019C0D19300576282 /* Main.storyboard */; };
		97E2CDB419C0D19300576282 /* Images.xcassets in Resources */ = {isa = PBXBuildFile; fileRef = 97E2CDB319C0D19300576282 /* Images.xcassets */; };
		97E2CDB719C0D19300576282 /* LaunchScreen.xib in Resources */ = {isa = PBXBuildFile; fileRef = 97E2CDB519C0D19300576282 /* LaunchScreen.xib */; };
		97E2CDC319C0D19300576282 /* Assignment1Tests.swift in Sources */ = {isa = PBXBuildFile; fileRef = 97E2CDC219C0D19300576282 /* Assignment1Tests.swift */; };
/* End PBXBuildFile section */

/* Begin PBXContainerItemProxy section */
		97E2CDBD19C0D19300576282 /* PBXContainerItemProxy */ = {
			isa = PBXContainerItemProxy;
			containerPortal = 97E2CD9F19C0D19300576282 /* Project object */;
			proxyType = 1;
			remoteGlobalIDString = 97E2CDA619C0D19300576282;
			remoteInfo = Assignment1;
		};
/* End PBXContainerItemProxy section */

/* Begin PBXFileReference section */
		97E2CDA719C0D19300576282 /* Assignment1.app */ = {isa = PBXFileReference; explicitFileType = wrapper.application; includeInIndex = 0; path = Assignment1.app; sourceTree = BUILT_PRODUCTS_DIR; };
		97E2CDAB19C0D19300576282 /* Info.plist */ = {isa = PBXFileReference; lastKnownFileType = text.plist.xml; path = Info.plist; sourceTree = "<group>"; };
		97E2CDAC19C0D19300576282 /* AppDelegate.swift */ = {isa = PBXFileReference; lastKnownFileType = sourcecode.swift; path = AppDelegate.swift; sourceTree = "<group>"; };
		97E2CDAE19C0D19300576282 /* ViewController.swift */ = {isa = PBXFileReference; lastKnownFileType = sourcecode.swift; path = ViewController.swift; sourceTree = "<group>"; };
		97E2CDB119C0D19300576282 /* Base */ = {isa = PBXFileReference; lastKnownFileType = file.storyboard; name = Base; path = Base.lproj/Main.storyboard; sourceTree = "<group>"; };
		97E2CDB319C0D19300576282 /* Images.xcassets */ = {isa = PBXFileReference; lastKnownFileType = folder.assetcatalog; path = Images.xcassets; sourceTree = "<group>"; };
		97E2CDB619C0D19300576282 /* Base */ = {isa = PBXFileReference; lastKnownFileType = file.xib; name = Base; path = Base.lproj/LaunchScreen.xib; sourceTree = "<group>"; };
		97E2CDBC19C0D19300576282 /* Assignment1Tests.xctest */ = {isa = PBXFileReference; explicitFileType = wrapper.cfbundle; includeInIndex = 0; path = Assignment1Tests.xctest; sourceTree = BUILT_PRODUCTS_DIR; };
		97E2CDC119C0D19300576282 /* Info.plist */ = {isa = PBXFileReference; lastKnownFileType = text.plist.xml; path = Info.plist; sourceTree = "<group>"; };
		97E2CDC219C0D19300576282 /* Assignment1Tests.swift */ = {isa = PBXFileReference; lastKnownFileType = sourcecode.swift; path = Assignment1Tests.swift; sourceTree = "<group>"; };
/* End PBXFileReference section */

/* Begin PBXFrameworksBuildPhase section */
		97E2CDA419C0D19300576282 /* Frameworks */ = {
			isa = PBXFrameworksBuildPhase;
			buildActionMask = 2147483647;
			files = (
			);
			runOnlyForDeploymentPostprocessing = 0;
		};
		97E2CDB919C0D19300576282 /* Frameworks */ = {
			isa = PBXFrameworksBuildPhase;
			buildActionMask = 2147483647;
			files = (
			);
			runOnlyForDeploymentPostprocessing = 0;
		};
/* End PBXFrameworksBuildPhase section */

/* Begin PBXGroup section */
		97E2CD9E19C0D19300576282 = {
			isa = PBXGroup;
			children = (
				97E2CDA919C0D19300576282 /* Assignment1 */,
				97E2CDBF19C0D19300576282 /* Assignment1Tests */,
				97E2CDA819C0D19300576282 /* Products */,
			);
			sourceTree = "<group>";
		};
		97E2CDA819C0D19300576282 /* Products */ = {
			isa = PBXGroup;
			children = (
				97E2CDA719C0D19300576282 /* Assignment1.app */,
				97E2CDBC19C0D19300576282 /* Assignment1Tests.xctest */,
			);
			name = Products;
			sourceTree = "<group>";
		};
		97E2CDA919C0D19300576282 /* Assignment1 */ = {
			isa = PBXGroup;
			children = (
				97E2CDAC19C0D19300576282 /* AppDelegate.swift */,
				97E2CDAE19C0D19300576282 /* ViewController.swift */,
				97E2CDB019C0D19300576282 /* Main.storyboard */,
				97E2CDB319C0D19300576282 /* Images.xcassets */,
				97E2CDB519C0D19300576282 /* LaunchScreen.xib */,
				97E2CDAA19C0D19300576282 /* Supporting Files */,
			);
			path = Assignment1;
			sourceTree = "<group>";
		};
		97E2CDAA19C0D19300576282 /* Supporting Files */ = {
			isa = PBXGroup;
			children = (
				97E2CDAB19C0D19300576282 /* Info.plist */,
			);
			name = "Supporting Files";
			sourceTree = "<group>";
		};
		97E2CDBF19C0D19300576282 /* Assignment1Tests */ = {
			isa = PBXGroup;
			children = (
				97E2CDC219C0D19300576282 /* Assignment1Tests.swift */,
				97E2CDC019C0D19300576282 /* Supporting Files */,
			);
			path = Assignment1Tests;
			sourceTree = "<group>";
		};
		97E2CDC019C0D19300576282 /* Supporting Files */ = {
			isa = PBXGroup;
			children = (
				97E2CDC119C0D19300576282 /* Info.plist */,
			);
			name = "Supporting Files";
			sourceTree = "<group>";
		};
/* End PBXGroup section */

/* Begin PBXNativeTarget section */
		97E2CDA619C0D19300576282 /* Assignment1 */ = {
			isa = PBXNativeTarget;
			buildConfigurationList = 97E2CDC619C0D19300576282 /* Build configuration list for PBXNativeTarget "Assignment1" */;
			buildPhases = (
				97E2CDA319C0D19300576282 /* Sources */,
				97E2CDA419C0D19300576282 /* Frameworks */,
				97E2CDA519C0D19300576282 /* Resources */,
			);
			buildRules = (
			);
			dependencies = (
			);
			name = Assignment1;
			productName = Assignment1;
			productReference = 97E2CDA719C0D19300576282 /* Assignment1.app */;
			productType = "com.apple.product-type.application";
		};
		97E2CDBB19C0D19300576282 /* Assignment1Tests */ = {
			isa = PBXNativeTarget;
			buildConfigurationList = 97E2CDC919C0D19300576282 /* Build configuration list for PBXNativeTarget "Assignment1Tests" */;
			buildPhases = (
				97E2CDB819C0D19300576282 /* Sources */,
				97E2CDB919C0D19300576282 /* Frameworks */,
				97E2CDBA19C0D19300576282 /* Resources */,
			);
			buildRules = (
			);
			dependencies = (
				97E2CDBE19C0D19300576282 /* PBXTargetDependency */,
			);
			name = Assignment1Tests;
			productName = Assignment1Tests;
			productReference = 97E2CDBC19C0D19300576282 /* Assignment1Tests.xctest */;
			productType = "com.apple.product-type.bundle.unit-test";
		};
/* End PBXNativeTarget section */

/* Begin PBXProject section */
		97E2CD9F19C0D19300576282 /* Project object */ = {
			isa = PBXProject;
			attributes = {
				LastUpgradeCheck = 0600;
				ORGANIZATIONNAME = "Humboldt Technology Group, LLC";
				TargetAttributes = {
					97E2CDA619C0D19300576282 = {
						CreatedOnToolsVersion = 6.0;
					};
					97E2CDBB19C0D19300576282 = {
						CreatedOnToolsVersion = 6.0;
						TestTargetID = 97E2CDA619C0D19300576282;
					};
				};
			};
			buildConfigurationList = 97E2CDA219C0D19300576282 /* Build configuration list for PBXProject "Assignment1" */;
			compatibilityVersion = "Xcode 3.2";
			developmentRegion = English;
			hasScannedForEncodings = 0;
			knownRegions = (
				en,
				Base,
			);
			mainGroup = 97E2CD9E19C0D19300576282;
			productRefGroup = 97E2CDA819C0D19300576282 /* Products */;
			projectDirPath = "";
			projectRoot = "";
			targets = (
				97E2CDA619C0D19300576282 /* Assignment1 */,
				97E2CDBB19C0D19300576282 /* Assignment1Tests */,
			);
		};
/* End PBXProject section */

/* Begin PBXResourcesBuildPhase section */
		97E2CDA519C0D19300576282 /* Resources */ = {
			isa = PBXResourcesBuildPhase;
			buildActionMask = 2147483647;
			files = (
				97E2CDB219C0D19300576282 /* Main.storyboard in Resources */,
				97E2CDB719C0D19300576282 /* LaunchScreen.xib in Resources */,
				97E2CDB419C0D19300576282 /* Images.xcassets in Resources */,
			);
			runOnlyForDeploymentPostprocessing = 0;
		};
		97E2CDBA19C0D19300576282 /* Resources */ = {
			isa = PBXResourcesBuildPhase;
			buildActionMask = 2147483647;
			files = (
			);
			runOnlyForDeploymentPostprocessing = 0;
		};
/* End PBXResourcesBuildPhase section */

/* Begin PBXSourcesBuildPhase section */
		97E2CDA319C0D19300576282 /* Sources */ = {
			isa = PBXSourcesBuildPhase;
			buildActionMask = 2147483647;
			files = (
				97E2CDAF19C0D19300576282 /* ViewController.swift in Sources */,
				97E2CDAD19C0D19300576282 /* AppDelegate.swift in Sources */,
			);
			runOnlyForDeploymentPostprocessing = 0;
		};
		97E2CDB819C0D19300576282 /* Sources */ = {
			isa = PBXSourcesBuildPhase;
			buildActionMask = 2147483647;
			files = (
				97E2CDC319C0D19300576282 /* Assignment1Tests.swift in Sources */,
			);
			runOnlyForDeploymentPostprocessing = 0;
		};
/* End PBXSourcesBuildPhase section */

/* Begin PBXTargetDependency section */
		97E2CDBE19C0D19300576282 /* PBXTargetDependency */ = {
			isa = PBXTargetDependency;
			target = 97E2CDA619C0D19300576282 /* Assignment1 */;
			targetProxy = 97E2CDBD19C0D19300576282 /* PBXContainerItemProxy */;
		};
/* End PBXTargetDependency section */

/* Begin PBXVariantGroup section */
		97E2CDB019C0D19300576282 /* Main.storyboard */ = {
			isa = PBXVariantGroup;
			children = (
				97E2CDB119C0D19300576282 /* Base */,
			);
			name = Main.storyboard;
			sourceTree = "<group>";
		};
		97E2CDB519C0D19300576282 /* LaunchScreen.xib */ = {
			isa = PBXVariantGroup;
			children = (
				97E2CDB619C0D19300576282 /* Base */,
			);
			name = LaunchScreen.xib;
			sourceTree = "<group>";
		};
/* End PBXVariantGroup section */

/* Begin XCBuildConfiguration section */
		97E2CDC419C0D19300576282 /* Debug */ = {
			isa = XCBuildConfiguration;
			buildSettings = {
				ALWAYS_SEARCH_USER_PATHS = NO;
				CLANG_CXX_LANGUAGE_STANDARD = "gnu++0x";
				CLANG_CXX_LIBRARY = "libc++";
				CLANG_ENABLE_MODULES = YES;
				CLANG_ENABLE_OBJC_ARC = YES;
				CLANG_WARN_BOOL_CONVERSION = YES;
				CLANG_WARN_CONSTANT_CONVERSION = YES;
				CLANG_WARN_DIRECT_OBJC_ISA_USAGE = YES_ERROR;
				CLANG_WARN_EMPTY_BODY = YES;
				CLANG_WARN_ENUM_CONVERSION = YES;
				CLANG_WARN_INT_CONVERSION = YES;
				CLANG_WARN_OBJC_ROOT_CLASS = YES_ERROR;
				CLANG_WARN_UNREACHABLE_CODE = YES;
				CLANG_WARN__DUPLICATE_METHOD_MATCH = YES;
				"CODE_SIGN_IDENTITY[sdk=iphoneos*]" = "iPhone Developer";
				COPY_PHASE_STRIP = NO;
				ENABLE_STRICT_OBJC_MSGSEND = YES;
				GCC_C_LANGUAGE_STANDARD = gnu99;
				GCC_DYNAMIC_NO_PIC = NO;
				GCC_OPTIMIZATION_LEVEL = 0;
				GCC_PREPROCESSOR_DEFINITIONS = (
					"DEBUG=1",
					"$(inherited)",
				);
				GCC_SYMBOLS_PRIVATE_EXTERN = NO;
				GCC_WARN_64_TO_32_BIT_CONVERSION = YES;
				GCC_WARN_ABOUT_RETURN_TYPE = YES_ERROR;
				GCC_WARN_UNDECLARED_SELECTOR = YES;
				GCC_WARN_UNINITIALIZED_AUTOS = YES_AGGRESSIVE;
				GCC_WARN_UNUSED_FUNCTION = YES;
				GCC_WARN_UNUSED_VARIABLE = YES;
				IPHONEOS_DEPLOYMENT_TARGET = 8.0;
				MTL_ENABLE_DEBUG_INFO = YES;
				ONLY_ACTIVE_ARCH = YES;
				SDKROOT = iphoneos;
				SWIFT_OPTIMIZATION_LEVEL = "-Onone";
			};
			name = Debug;
		};
		97E2CDC519C0D19300576282 /* Release */ = {
			isa = XCBuildConfiguration;
			buildSettings = {
				ALWAYS_SEARCH_USER_PATHS = NO;
				CLANG_CXX_LANGUAGE_STANDARD = "gnu++0x";
				CLANG_CXX_LIBRARY = "libc++";
				CLANG_ENABLE_MODULES = YES;
				CLANG_ENABLE_OBJC_ARC = YES;
				CLANG_WARN_BOOL_CONVERSION = YES;
				CLANG_WARN_CONSTANT_CONVERSION = YES;
				CLANG_WARN_DIRECT_OBJC_ISA_USAGE = YES_ERROR;
				CLANG_WARN_EMPTY_BODY = YES;
				CLANG_WARN_ENUM_CONVERSION = YES;
				CLANG_WARN_INT_CONVERSION = YES;
				CLANG_WARN_OBJC_ROOT_CLASS = YES_ERROR;
				CLANG_WARN_UNREACHABLE_CODE = YES;
				CLANG_WARN__DUPLICATE_METHOD_MATCH = YES;
				"CODE_SIGN_IDENTITY[sdk=iphoneos*]" = "iPhone Developer";
				COPY_PHASE_STRIP = YES;
				ENABLE_NS_ASSERTIONS = NO;
				ENABLE_STRICT_OBJC_MSGSEND = YES;
				GCC_C_LANGUAGE_STANDARD = gnu99;
				GCC_WARN_64_TO_32_BIT_CONVERSION = YES;
				GCC_WARN_ABOUT_RETURN_TYPE = YES_ERROR;
				GCC_WARN_UNDECLARED_SELECTOR = YES;
				GCC_WARN_UNINITIALIZED_AUTOS = YES_AGGRESSIVE;
				GCC_WARN_UNUSED_FUNCTION = YES;
				GCC_WARN_UNUSED_VARIABLE = YES;
				IPHONEOS_DEPLOYMENT_TARGET = 8.0;
				MTL_ENABLE_DEBUG_INFO = NO;
				SDKROOT = iphoneos;
				VALIDATE_PRODUCT = YES;
			};
			name = Release;
		};
		97E2CDC719C0D19300576282 /* Debug */ = {
			isa = XCBuildConfiguration;
			buildSettings = {
				ASSETCATALOG_COMPILER_APPICON_NAME = AppIcon;
				INFOPLIST_FILE = Assignment1/Info.plist;
				LD_RUNPATH_SEARCH_PATHS = "$(inherited) @executable_path/Frameworks";
				PRODUCT_NAME = "$(TARGET_NAME)";
			};
			name = Debug;
		};
		97E2CDC819C0D19300576282 /* Release */ = {
			isa = XCBuildConfiguration;
			buildSettings = {
				ASSETCATALOG_COMPILER_APPICON_NAME = AppIcon;
				INFOPLIST_FILE = Assignment1/Info.plist;
				LD_RUNPATH_SEARCH_PATHS = "$(inherited) @executable_path/Frameworks";
				PRODUCT_NAME = "$(TARGET_NAME)";
			};
			name = Release;
		};
		97E2CDCA19C0D19300576282 /* Debug */ = {
			isa = XCBuildConfiguration;
			buildSettings = {
				BUNDLE_LOADER = "$(TEST_HOST)";
				FRAMEWORK_SEARCH_PATHS = (
					"$(SDKROOT)/Developer/Library/Frameworks",
					"$(inherited)",
				);
				GCC_PREPROCESSOR_DEFINITIONS = (
					"DEBUG=1",
					"$(inherited)",
				);
				INFOPLIST_FILE = Assignment1Tests/Info.plist;
				LD_RUNPATH_SEARCH_PATHS = "$(inherited) @executable_path/Frameworks @loader_path/Frameworks";
				PRODUCT_NAME = "$(TARGET_NAME)";
				TEST_HOST = "$(BUILT_PRODUCTS_DIR)/Assignment1.app/Assignment1";
			};
			name = Debug;
		};
		97E2CDCB19C0D19300576282 /* Release */ = {
			isa = XCBuildConfiguration;
			buildSettings = {
				BUNDLE_LOADER = "$(TEST_HOST)";
				FRAMEWORK_SEARCH_PATHS = (
					"$(SDKROOT)/Developer/Library/Frameworks",
					"$(inherited)",
				);
				INFOPLIST_FILE = Assignment1Tests/Info.plist;
				LD_RUNPATH_SEARCH_PATHS = "$(inherited) @executable_path/Frameworks @loader_path/Frameworks";
				PRODUCT_NAME = "$(TARGET_NAME)";
				TEST_HOST = "$(BUILT_PRODUCTS_DIR)/Assignment1.app/Assignment1";
			};
			name = Release;
		};
/* End XCBuildConfiguration section */

/* Begin XCConfigurationList section */
		97E2CDA219C0D19300576282 /* Build configuration list for PBXProject "Assignment1" */ = {
			isa = XCConfigurationList;
			buildConfigurations = (
				97E2CDC419C0D19300576282 /* Debug */,
				97E2CDC519C0D19300576282 /* Release */,
			);
			defaultConfigurationIsVisible = 0;
			defaultConfigurationName = Release;
		};
		97E2CDC619C0D19300576282 /* Build configuration list for PBXNativeTarget "Assignment1" */ = {
			isa = XCConfigurationList;
			buildConfigurations = (
				97E2CDC719C0D19300576282 /* Debug */,
				97E2CDC819C0D19300576282 /* Release */,
			);
			defaultConfigurationIsVisible = 0;
		};
		97E2CDC919C0D19300576282 /* Build configuration list for PBXNativeTarget "Assignment1Tests" */ = {
			isa = XCConfigurationList;
			buildConfigurations = (
				97E2CDCA19C0D19300576282 /* Debug */,
				97E2CDCB19C0D19300576282 /* Release */,
			);
			defaultConfigurationIsVisible = 0;
		};
/* End XCConfigurationList section */
	};
	rootObject = 97E2CD9F19C0D19300576282 /* Project object */;
}
